
Microsoft Visual Studio Solution File, Format Version 12.00
# Visual Studio Version 16
VisualStudioVersion = 16.0.31321.278
MinimumVisualStudioVersion = 10.0.40219.1
Project("{8BC9CEB8-8B4A-11D0-8D11-00A0C91BC942}") = "动态存储模板类", "动态存储模板类\动态存储模板类.vcxproj", "{961B54AF-AB47-4D90-B8C8-ACC34DF5D8FC}"
EndProject
Global
	GlobalSection(SolutionConfigurationPlatforms) = preSolution
		Debug|x64 = Debug|x64
		Debug|x86 = Debug|x86
		Release|x64 = Release|x64
		Release|x86 = Release|x86
	EndGlobalSection
	GlobalSection(ProjectConfigurationPlatforms) = postSolution
		{961B54AF-AB47-4D90-B8C8-ACC34DF5D8FC}.Debug|x64.ActiveCfg = Debug|x64
		{961B54AF-AB47-4D90-B8C8-ACC34DF5D8FC}.Debug|x64.Build.0 = Debug|x64
		{961B54AF-AB47-4D90-B8C8-ACC34DF5D8FC}.Debug|x86.ActiveCfg = Debug|Win32
		{961B54AF-AB47-4D90-B8C8-ACC34DF5D8FC}.Debug|x86.Build.0 = Debug|Win32
		{961B54AF-AB47-4D90-B8C8-ACC34DF5D8FC}.Release|x64.ActiveCfg = Release|x64
		{961B54AF-AB47-4D90-B8C8-ACC34DF5D8FC}.Release|x64.Build.0 = Release|x64
		{961B54AF-AB47-4D90-B8C8-ACC34DF5D8FC}.Release|x86.ActiveCfg = Release|Win32
		{961B54AF-AB47-4D90-B8C8-ACC34DF5D8FC}.Release|x86.Build.0 = Release|Win32
	EndGlobalSection
	GlobalSection(SolutionProperties) = preSolution
		HideSolutionNode = FALSE
	EndGlobalSection
	GlobalSection(ExtensibilityGlobals) = postSolution
		SolutionGuid = {CF49D19A-B660-413D-9A9E-3E9CEA7EBCC9}
	EndGlobalSection
EndGlobal
