
Microsoft Visual Studio Solution File, Format Version 12.00
# Visual Studio Version 16
VisualStudioVersion = 16.0.31321.278
MinimumVisualStudioVersion = 10.0.40219.1
Project("{8BC9CEB8-8B4A-11D0-8D11-00A0C91BC942}") = "继承与派生", "继承与派生\继承与派生.vcxproj", "{83C8B6EF-C3EF-4CDF-A3AC-6549597A80BE}"
EndProject
Global
	GlobalSection(SolutionConfigurationPlatforms) = preSolution
		Debug|x64 = Debug|x64
		Debug|x86 = Debug|x86
		Release|x64 = Release|x64
		Release|x86 = Release|x86
	EndGlobalSection
	GlobalSection(ProjectConfigurationPlatforms) = postSolution
		{83C8B6EF-C3EF-4CDF-A3AC-6549597A80BE}.Debug|x64.ActiveCfg = Debug|x64
		{83C8B6EF-C3EF-4CDF-A3AC-6549597A80BE}.Debug|x64.Build.0 = Debug|x64
		{83C8B6EF-C3EF-4CDF-A3AC-6549597A80BE}.Debug|x86.ActiveCfg = Debug|Win32
		{83C8B6EF-C3EF-4CDF-A3AC-6549597A80BE}.Debug|x86.Build.0 = Debug|Win32
		{83C8B6EF-C3EF-4CDF-A3AC-6549597A80BE}.Release|x64.ActiveCfg = Release|x64
		{83C8B6EF-C3EF-4CDF-A3AC-6549597A80BE}.Release|x64.Build.0 = Release|x64
		{83C8B6EF-C3EF-4CDF-A3AC-6549597A80BE}.Release|x86.ActiveCfg = Release|Win32
		{83C8B6EF-C3EF-4CDF-A3AC-6549597A80BE}.Release|x86.Build.0 = Release|Win32
	EndGlobalSection
	GlobalSection(SolutionProperties) = preSolution
		HideSolutionNode = FALSE
	EndGlobalSection
	GlobalSection(ExtensibilityGlobals) = postSolution
		SolutionGuid = {4971A265-F8E2-469C-9573-30A2D16F7CFD}
	EndGlobalSection
EndGlobal
