
Microsoft Visual Studio Solution File, Format Version 12.00
# Visual Studio Version 16
VisualStudioVersion = 16.0.31321.278
MinimumVisualStudioVersion = 10.0.40219.1
Project("{8BC9CEB8-8B4A-11D0-8D11-00A0C91BC942}") = "Project6", "Project6\Project6.vcxproj", "{7B324125-03A0-40AA-B122-9351C64D5488}"
EndProject
Global
	GlobalSection(SolutionConfigurationPlatforms) = preSolution
		Debug|x64 = Debug|x64
		Debug|x86 = Debug|x86
		Release|x64 = Release|x64
		Release|x86 = Release|x86
	EndGlobalSection
	GlobalSection(ProjectConfigurationPlatforms) = postSolution
		{7B324125-03A0-40AA-B122-9351C64D5488}.Debug|x64.ActiveCfg = Debug|x64
		{7B324125-03A0-40AA-B122-9351C64D5488}.Debug|x64.Build.0 = Debug|x64
		{7B324125-03A0-40AA-B122-9351C64D5488}.Debug|x86.ActiveCfg = Debug|Win32
		{7B324125-03A0-40AA-B122-9351C64D5488}.Debug|x86.Build.0 = Debug|Win32
		{7B324125-03A0-40AA-B122-9351C64D5488}.Release|x64.ActiveCfg = Release|x64
		{7B324125-03A0-40AA-B122-9351C64D5488}.Release|x64.Build.0 = Release|x64
		{7B324125-03A0-40AA-B122-9351C64D5488}.Release|x86.ActiveCfg = Release|Win32
		{7B324125-03A0-40AA-B122-9351C64D5488}.Release|x86.Build.0 = Release|Win32
	EndGlobalSection
	GlobalSection(SolutionProperties) = preSolution
		HideSolutionNode = FALSE
	EndGlobalSection
	GlobalSection(ExtensibilityGlobals) = postSolution
		SolutionGuid = {45428A94-F6DB-4218-9468-D775E0C16434}
	EndGlobalSection
EndGlobal
