
Microsoft Visual Studio Solution File, Format Version 12.00
# Visual Studio Version 16
VisualStudioVersion = 16.0.31321.278
MinimumVisualStudioVersion = 10.0.40219.1
Project("{8BC9CEB8-8B4A-11D0-8D11-00A0C91BC942}") = "测试", "测试\测试.vcxproj", "{93553CBD-811E-4C9B-87A6-4F39A3221D3E}"
EndProject
Global
	GlobalSection(SolutionConfigurationPlatforms) = preSolution
		Debug|x64 = Debug|x64
		Debug|x86 = Debug|x86
		Release|x64 = Release|x64
		Release|x86 = Release|x86
	EndGlobalSection
	GlobalSection(ProjectConfigurationPlatforms) = postSolution
		{93553CBD-811E-4C9B-87A6-4F39A3221D3E}.Debug|x64.ActiveCfg = Debug|x64
		{93553CBD-811E-4C9B-87A6-4F39A3221D3E}.Debug|x64.Build.0 = Debug|x64
		{93553CBD-811E-4C9B-87A6-4F39A3221D3E}.Debug|x86.ActiveCfg = Debug|Win32
		{93553CBD-811E-4C9B-87A6-4F39A3221D3E}.Debug|x86.Build.0 = Debug|Win32
		{93553CBD-811E-4C9B-87A6-4F39A3221D3E}.Release|x64.ActiveCfg = Release|x64
		{93553CBD-811E-4C9B-87A6-4F39A3221D3E}.Release|x64.Build.0 = Release|x64
		{93553CBD-811E-4C9B-87A6-4F39A3221D3E}.Release|x86.ActiveCfg = Release|Win32
		{93553CBD-811E-4C9B-87A6-4F39A3221D3E}.Release|x86.Build.0 = Release|Win32
	EndGlobalSection
	GlobalSection(SolutionProperties) = preSolution
		HideSolutionNode = FALSE
	EndGlobalSection
	GlobalSection(ExtensibilityGlobals) = postSolution
		SolutionGuid = {4BA87272-8130-4DAC-A442-0CEF6651EBAF}
	EndGlobalSection
EndGlobal
